# THIS IS AN AUTOGENERATED FILE. DO NOT EDIT THIS FILE DIRECTLY.
# yarn lockfile v1


"@mapbox/geojson-area@^0.2.2":
  version "0.2.2"
  resolved "https://registry.yarnpkg.com/@mapbox/geojson-area/-/geojson-area-0.2.2.tgz#18d7814aa36bf23fbbcc379f8e26a22927debf10"
  integrity sha512-bBqqFn1kIbLBfn7Yq1PzzwVkPYQr9lVUeT8Dhd0NL5n76PBuXzOcuLV7GOSbEB1ia8qWxH4COCvFpziEu/yReA==
  dependencies:
    wgs84 "0.0.0"

"@mapbox/geojson-normalize@^0.0.1":
  version "0.0.1"
  resolved "https://registry.yarnpkg.com/@mapbox/geojson-normalize/-/geojson-normalize-0.0.1.tgz#1da1e6b3a7add3ad29909b30f438f60581b7cd80"
  integrity sha512-82V7YHcle8lhgIGqEWwtXYN5cy0QM/OHq3ypGhQTbvHR57DF0vMHMjjVSQKFfVXBe/yWCBZTyOuzvK7DFFnx5Q==

"@mapbox/jsonlint-lines-primitives@^2.0.2", "@mapbox/jsonlint-lines-primitives@~2.0.2":
  version "2.0.2"
  resolved "https://registry.yarnpkg.com/@mapbox/jsonlint-lines-primitives/-/jsonlint-lines-primitives-2.0.2.tgz#ce56e539f83552b58d10d672ea4d6fc9adc7b234"
  integrity sha512-rY0o9A5ECsTQRVhv7tL/OyDpGAoUB4tTvLiW1DSzQGq4bvTPhNw1VpSNjDJc5GFZ2XuyOtSWSVN05qOtcD71qQ==

"@mapbox/mapbox-gl-draw@^1.5.0":
  version "1.5.1"
  resolved "https://registry.yarnpkg.com/@mapbox/mapbox-gl-draw/-/mapbox-gl-draw-1.5.1.tgz#0081164556fbe8c444e1297f63c02ecd8e442630"
  integrity sha512-DnR/oarZVoIrVHssAn+mtpuGzYH+ebORoPjow46zTBNPod/HQnvIZGtL6hIb5BVWxxH49RC9D20ipxiO9WDRxA==
  dependencies:
    "@mapbox/geojson-area" "^0.2.2"
    "@mapbox/geojson-normalize" "^0.0.1"
    "@mapbox/point-geometry" "^1.1.0"
    "@turf/projection" "^7.2.0"
    fast-deep-equal "^3.1.3"
    nanoid "^5.0.9"

"@mapbox/mapbox-gl-supported@^3.0.0":
  version "3.0.0"
  resolved "https://registry.yarnpkg.com/@mapbox/mapbox-gl-supported/-/mapbox-gl-supported-3.0.0.tgz#bebd3d5da3c1fd988011bb79718a39f63f5e16ac"
  integrity sha512-2XghOwu16ZwPJLOFVuIOaLbN0iKMn867evzXFyf0P22dqugezfJwLmdanAgU25ITvz1TvOfVP4jsDImlDJzcWg==

"@mapbox/point-geometry@^1.1.0", "@mapbox/point-geometry@~1.1.0":
  version "1.1.0"
  resolved "https://registry.yarnpkg.com/@mapbox/point-geometry/-/point-geometry-1.1.0.tgz#3328fb54b3a1273bc619bf0a6baad8de37181749"
  integrity sha512-YGcBz1cg4ATXDCM/71L9xveh4dynfGmcLDqufR+nQQy3fKwsAZsWd/x4621/6uJaeB9mwOHE6hPeDgXz9uViUQ==

"@mapbox/tiny-sdf@^2.0.6", "@mapbox/tiny-sdf@^2.0.7":
  version "2.1.0"
  resolved "https://registry.yarnpkg.com/@mapbox/tiny-sdf/-/tiny-sdf-2.1.0.tgz#62f562340eaa1f1945a2b255e084f9377f9ab9b3"
  integrity sha512-uFJhNh36BR4OCuWIEiWaEix9CA2WzT6CAIcqVjWYpnx8+QDtS+oC4QehRrx5cX4mgWs37MmKnwUejeHxVymzNg==

"@mapbox/unitbezier@^0.0.1":
  version "0.0.1"
  resolved "https://registry.yarnpkg.com/@mapbox/unitbezier/-/unitbezier-0.0.1.tgz#d32deb66c7177e9e9dfc3bbd697083e2e657ff01"
  integrity sha512-nMkuDXFv60aBr9soUG5q+GvZYL+2KZHVvsqFCzqnkGEf46U2fvmytHaEVc1/YZbiLn8X+eR3QzX1+dwDO1lxlw==

"@mapbox/vector-tile@^2.0.4":
  version "2.0.4"
  resolved "https://registry.yarnpkg.com/@mapbox/vector-tile/-/vector-tile-2.0.4.tgz#59c5ca80a84c210e61226367b0f9c8fd1737a437"
  integrity sha512-AkOLcbgGTdXScosBWwmmD7cDlvOjkg/DetGva26pIRiZPdeJYjYKarIlb4uxVzi6bwHO6EWH82eZ5Nuv4T5DUg==
  dependencies:
    "@mapbox/point-geometry" "~1.1.0"
    "@types/geojson" "^7946.0.16"
    pbf "^4.0.1"

"@mapbox/whoots-js@^3.1.0":
  version "3.1.0"
  resolved "https://registry.yarnpkg.com/@mapbox/whoots-js/-/whoots-js-3.1.0.tgz#497c67a1cef50d1a2459ba60f315e448d2ad87fe"
  integrity sha512-Es6WcD0nO5l+2BOQS4uLfNPYQaNDfbot3X1XUoloz+x0mPDS3eeORZJl06HXjwBG1fOGwCRnzK88LMdxKRrd6Q==

"@maplibre/geojson-vt@^5.0.4":
  version "5.0.4"
  resolved "https://registry.yarnpkg.com/@maplibre/geojson-vt/-/geojson-vt-5.0.4.tgz#c5f301a5d227cecf0bf4d1ab9239b8b0b13e78fe"
  integrity sha512-KGg9sma45S+stfH9vPCJk1J0lSDLWZgCT9Y8u8qWZJyjFlP8MNP1WGTxIMYJZjDvVT3PDn05kN1C95Sut1HpgQ==

"@maplibre/geojson-vt@^6.1.0":
  version "6.1.0"
  resolved "https://registry.yarnpkg.com/@maplibre/geojson-vt/-/geojson-vt-6.1.0.tgz#c59a2b63a90e6214b2095358837b60f46c172e95"
  integrity sha512-2eIY4gZxeKIVOZVNkAMb+5NgXhgsMQpOveTQAvnp53LYqHGJZDidk7Ew0Tged9PThidpbS+NFTh0g4zivhPDzQ==
  dependencies:
    kdbush "^4.0.2"

"@maplibre/maplibre-gl-style-spec@^24.8.1":
  version "24.8.1"
  resolved "https://registry.yarnpkg.com/@maplibre/maplibre-gl-style-spec/-/maplibre-gl-style-spec-24.8.1.tgz#8d4d48591750529ce586f9ee5f836ed97870bce5"
  integrity sha512-zxa92qF96ZNojLxeAjnaRpjVCy+swoUNJvDhtpC90k7u5F0TMr4GmvNqMKvYrMoPB8d7gRSXbMG1hBbmgESIsw==
  dependencies:
    "@mapbox/jsonlint-lines-primitives" "~2.0.2"
    "@mapbox/unitbezier" "^0.0.1"
    json-stringify-pretty-compact "^4.0.0"
    minimist "^1.2.8"
    quickselect "^3.0.0"
    rw "^1.3.3"
    tinyqueue "^3.0.0"

"@maplibre/mlt@^1.1.8":
  version "1.1.8"
  resolved "https://registry.yarnpkg.com/@maplibre/mlt/-/mlt-1.1.8.tgz#ad1f7169197e5c64eace4f61c168dcd202076e03"
  integrity sha512-8vtfYGidr1rNkv5IwIoU2lfe3Oy+Wa8HluzQYcQi9cveU9K3pweAal/poQj4GJ0K/EW4bTQp2wVAs09g2yDRZg==
  dependencies:
    "@mapbox/point-geometry" "^1.1.0"

"@maplibre/vt-pbf@^4.3.0":
  version "4.3.0"
  resolved "https://registry.yarnpkg.com/@maplibre/vt-pbf/-/vt-pbf-4.3.0.tgz#e26649432f0b2863dbe70298b92e0d98fcd63129"
  integrity sha512-jIvp8F5hQCcreqOOpEt42TJMUlsrEcpf/kI1T2v85YrQRV6PPXUcEXUg5karKtH6oh47XJZ4kHu56pUkOuqA7w==
  dependencies:
    "@mapbox/point-geometry" "^1.1.0"
    "@mapbox/vector-tile" "^2.0.4"
    "@maplibre/geojson-vt" "^5.0.4"
    "@types/geojson" "^7946.0.16"
    "@types/supercluster" "^7.1.3"
    pbf "^4.0.1"
    supercluster "^8.0.1"

"@opensearch-dashboards-test/opensearch-dashboards-test-library@https://github.com/opensearch-project/opensearch-dashboards-test-library/archive/refs/tags/1.0.6.tar.gz":
  version "1.0.6"
  resolved "https://github.com/opensearch-project/opensearch-dashboards-test-library/archive/refs/tags/1.0.6.tar.gz#f2f489832a75191e243c6d2b42d49047265d9ce3"

"@turf/clone@7.3.5":
  version "7.3.5"
  resolved "https://registry.yarnpkg.com/@turf/clone/-/clone-7.3.5.tgz#87906386ebf7e17b528eba79e766d945ffa88a5e"
  integrity sha512-qfIaHj3410QEcTpiCRnTzhq8YrUp2gWrUIPLBAEFykopNxJkq1du1VrRzvuAo36ap2UV7KppkS6wGNypbcxswQ==
  dependencies:
    "@turf/helpers" "7.3.5"
    "@types/geojson" "^7946.0.10"
    tslib "^2.8.1"

"@turf/helpers@7.3.5":
  version "7.3.5"
  resolved "https://registry.yarnpkg.com/@turf/helpers/-/helpers-7.3.5.tgz#051928c03cdf9ffcc7ae36581c317afc49bfd999"
  integrity sha512-E/NMGV5MwbjjP7AJXBtsanC3yY8N2MQ87IGdIgkB2ji5AtBpwnH4L3gEqpYN4RlCJJWbLbzO91BbKv2waUd0eg==
  dependencies:
    "@types/geojson" "^7946.0.10"
    tslib "^2.8.1"

"@turf/meta@7.3.5":
  version "7.3.5"
  resolved "https://registry.yarnpkg.com/@turf/meta/-/meta-7.3.5.tgz#c498a6f1e8603e014e8bfbc9a4b2760b6219edb9"
  integrity sha512-r+ohqxoyqeigFB0oFrQx/YEHIkOKqcKpCjvZkvZs7Tkv+IFco5MezAd2zd4rzK+0DfFgDP3KpJc7HqrYjvEjhg==
  dependencies:
    "@turf/helpers" "7.3.5"
    "@types/geojson" "^7946.0.10"
    tslib "^2.8.1"

"@turf/projection@^7.2.0":
  version "7.3.5"
  resolved "https://registry.yarnpkg.com/@turf/projection/-/projection-7.3.5.tgz#5de65db16cf4f9e789b2beec1f25e8482981f958"
  integrity sha512-G4bejYKT0vCQZryMhEoS9aLmP7ThDg6nb3zi3wPzELiTrGNOd2YgkWVheQDGCk4hcqEIWZc9fI2alaRSSkkLVw==
  dependencies:
    "@turf/clone" "7.3.5"
    "@turf/helpers" "7.3.5"
    "@turf/meta" "7.3.5"
    "@types/geojson" "^7946.0.10"
    tslib "^2.8.1"

"@types/geojson-vt@^3.2.5":
  version "3.2.5"
  resolved "https://registry.yarnpkg.com/@types/geojson-vt/-/geojson-vt-3.2.5.tgz#b6c356874991d9ab4207533476dfbcdb21e38408"
  integrity sha512-qDO7wqtprzlpe8FfQ//ClPV9xiuoh2nkIgiouIptON9w5jvD/fA4szvP9GBlDVdJ5dldAl0kX/sy3URbWwLx0g==
  dependencies:
    "@types/geojson" "*"

"@types/geojson@*", "@types/geojson@^7946.0.10", "@types/geojson@^7946.0.16":
  version "7946.0.16"
  resolved "https://registry.yarnpkg.com/@types/geojson/-/geojson-7946.0.16.tgz#8ebe53d69efada7044454e3305c19017d97ced2a"
  integrity sha512-6C8nqWur3j98U6+lXDfTUWIfgvZU+EumvpHKcYjujKH7woYyLj2sUmff0tRhrqM7BohUw7Pz3ZB1jj2gW9Fvmg==

"@types/mapbox__mapbox-gl-draw@^1.4.8":
  version "1.4.9"
  resolved "https://registry.yarnpkg.com/@types/mapbox__mapbox-gl-draw/-/mapbox__mapbox-gl-draw-1.4.9.tgz#95b05a22e3f175d82439b73c52f4c5135496c557"
  integrity sha512-8OtRdlSFbF/NDKg3CYQZPbI41JUwRPHIOB1f3fc3AG0Wb7CecSuuUG5EG+IsCmTHyzF6cyKpcjR/jcv62U3w6w==
  dependencies:
    "@types/geojson" "*"
    mapbox-gl "*"

"@types/pbf@^3.0.5":
  version "3.0.5"
  resolved "https://registry.yarnpkg.com/@types/pbf/-/pbf-3.0.5.tgz#a9495a58d8c75be4ffe9a0bd749a307715c07404"
  integrity sha512-j3pOPiEcWZ34R6a6mN07mUkM4o4Lwf6hPNt8eilOeZhTFbxFXmKhvXl9Y28jotFPaI1bpPDJsbCprUoNke6OrA==

"@types/supercluster@^7.1.3":
  version "7.1.3"
  resolved "https://registry.yarnpkg.com/@types/supercluster/-/supercluster-7.1.3.tgz#1a1bc2401b09174d9c9e44124931ec7874a72b27"
  integrity sha512-Z0pOY34GDFl3Q6hUFYf3HkTwKEE02e7QgtJppBt+beEAxnyOpJua+voGFvxINBHa06GwLFFym7gRPY2SiKIfIA==
  dependencies:
    "@types/geojson" "*"

"@types/wellknown@^0.5.8":
  version "0.5.8"
  resolved "https://registry.yarnpkg.com/@types/wellknown/-/wellknown-0.5.8.tgz#5da12a97fd90b64d3688e7e602f1216d0f3103e1"
  integrity sha512-/tXv+IfentaS3F0VplScdl+pwP7biW4RBnOxCTtoWlpNiulFBQWqA8rA7r/knavu9SELsFcNVtdGo6YNIElMdw==

cheap-ruler@^4.0.0:
  version "4.0.0"
  resolved "https://registry.yarnpkg.com/cheap-ruler/-/cheap-ruler-4.0.0.tgz#bdc984de7e0e3f748bdfd2dbe23ec6b9dc820a09"
  integrity sha512-0BJa8f4t141BYKQyn9NSQt1PguFQXMXwZiA5shfoaBYHAb2fFk2RAX+tiWMoQU+Agtzt3mdt0JtuyshAXqZ+Vw==

concat-stream@~1.5.0:
  version "1.5.2"
  resolved "https://registry.yarnpkg.com/concat-stream/-/concat-stream-1.5.2.tgz#708978624d856af41a5a741defdd261da752c266"
  integrity sha512-H6xsIBfQ94aESBG8jGHXQ7i5AEpy5ZeVaLDOisDICiTCKpqEfr34/KmTrspKQNoLKNu9gTkovlpQcUi630AKiQ==
  dependencies:
    inherits "~2.0.1"
    readable-stream "~2.0.0"
    typedarray "~0.0.5"

core-util-is@~1.0.0:
  version "1.0.3"
  resolved "https://registry.yarnpkg.com/core-util-is/-/core-util-is-1.0.3.tgz#a6042d3634c2b27e9328f837b965fac83808db85"
  integrity sha512-ZQBvi1DcpJ4GDqanjucZ2Hj3wEO5pZDS89BWbkcrvdxksJorwUDDZamX9ldFkp9aw2lmBDLgkObEA4DWNJ9FYQ==

csscolorparser@~1.0.3:
  version "1.0.3"
  resolved "https://registry.yarnpkg.com/csscolorparser/-/csscolorparser-1.0.3.tgz#b34f391eea4da8f3e98231e2ccd8df9c041f171b"
  integrity sha512-umPSgYwZkdFoUrH5hIq5kf0wPSXiro51nPw0j2K/c83KflkPSTBGMz6NJvMB+07VlL0y7VPo6QJcDjcgKTTm3w==

earcut@^3.0.1, earcut@^3.0.2:
  version "3.0.2"
  resolved "https://registry.yarnpkg.com/earcut/-/earcut-3.0.2.tgz#d478a29aaf99acf418151493048aa197d0512248"
  integrity sha512-X7hshQbLyMJ/3RPhyObLARM2sNxxmRALLKx1+NVFFnQ9gKzmCrxm9+uLIAdBcvc8FNLpctqlQ2V6AE92Ol9UDQ==

fast-deep-equal@^3.1.3:
  version "3.1.3"
  resolved "https://registry.yarnpkg.com/fast-deep-equal/-/fast-deep-equal-3.1.3.tgz#3a7d56b559d6cbc3eb512325244e619a65c6c525"
  integrity sha512-f3qQ9oQy9j2AhBe/H9VC91wLmKBCCU/gDOnKNAYG5hswO7BLKj09Hc5HYNz9cGI++xlpDCIgDaitVs03ATR84Q==

geojson-vt@^4.0.2:
  version "4.0.2"
  resolved "https://registry.yarnpkg.com/geojson-vt/-/geojson-vt-4.0.2.tgz#1162f6c7d61a0ba305b1030621e6e111f847828a"
  integrity sha512-AV9ROqlNqoZEIJGfm1ncNjEXfkz2hdFlZf0qkVfmkwdKa8vj7H16YUOT81rJw1rdFhyEDlN2Tds91p/glzbl5A==

geojson@^0.5.0:
  version "0.5.0"
  resolved "https://registry.yarnpkg.com/geojson/-/geojson-0.5.0.tgz#3cd6c96399be65b56ee55596116fe9191ce701c0"
  integrity sha512-/Bx5lEn+qRF4TfQ5aLu6NH+UKtvIv7Lhc487y/c8BdludrCTpiWf9wyI0RTyqg49MFefIAvFDuEi5Dfd/zgNxQ==

gl-matrix@^3.4.4:
  version "3.4.4"
  resolved "https://registry.yarnpkg.com/gl-matrix/-/gl-matrix-3.4.4.tgz#7789ee4982f62c7a7af447ee488f3bd6b0c77003"
  integrity sha512-latSnyDNt/8zYUB6VIJ6PCh2jBjJX6gnDsoCZ7LyW7GkqrD51EWwa9qCoGixj8YqBtETQK/xY7OmpTF8xz1DdQ==

grid-index@^1.1.0:
  version "1.1.0"
  resolved "https://registry.yarnpkg.com/grid-index/-/grid-index-1.1.0.tgz#97f8221edec1026c8377b86446a7c71e79522ea7"
  integrity sha512-HZRwumpOGUrHyxO5bqKZL0B0GlUpwtCAzZ42sgxUPniu33R1LSFH5yrIcBCHjkctCAh3mtWKcKd9J4vDDdeVHA==

h3-js@^4.1.0:
  version "4.4.0"
  resolved "https://registry.yarnpkg.com/h3-js/-/h3-js-4.4.0.tgz#858586205d49fc2b164df8e2d1ab855565ee9e81"
  integrity sha512-DvJh07MhGgY2KcC4OeZc8SSyA+ZXpdvoh6uCzGpoKvWtZxJB+g6VXXC1+eWYkaMIsLz7J/ErhOalHCpcs1KYog==

inherits@~2.0.1:
  version "2.0.4"
  resolved "https://registry.yarnpkg.com/inherits/-/inherits-2.0.4.tgz#0fa2c64f932917c3433a0ded55363aae37416b7c"
  integrity sha512-k/vGaX4/Yla3WzyMCvTQOXYeIHvqOKtnqBduzTHpzpQZzAskKMhZ2K+EnBiSM9zGSoIFeMpXKxa4dYeZIQqewQ==

install@^0.13.0:
  version "0.13.0"
  resolved "https://registry.yarnpkg.com/install/-/install-0.13.0.tgz#6af6e9da9dd0987de2ab420f78e60d9c17260776"
  integrity sha512-zDml/jzr2PKU9I8J/xyZBQn8rPCAY//UOYNmR01XwNwyfhEWObo2SWfSl1+0tm1u6PhxLwDnfsT/6jB7OUxqFA==

isarray@~1.0.0:
  version "1.0.0"
  resolved "https://registry.yarnpkg.com/isarray/-/isarray-1.0.0.tgz#bb935d48582cba168c06834957a54a3e07124f11"
  integrity sha512-VLghIWNM6ELQzo7zwmcg0NmTVyWKYjvIeM83yjp0wRDTmUnrM678fQbcKBo6n2CJEF0szoG//ytg+TKla89ALQ==

json-stringify-pretty-compact@^4.0.0:
  version "4.0.0"
  resolved "https://registry.yarnpkg.com/json-stringify-pretty-compact/-/json-stringify-pretty-compact-4.0.0.tgz#cf4844770bddee3cb89a6170fe4b00eee5dbf1d4"
  integrity sha512-3CNZ2DnrpByG9Nqj6Xo8vqbjT4F6N+tb4Gb28ESAZjYZ5yqvmc56J+/kuIwkaAMOyblTQhUW7PxMkUb8Q36N3Q==

kdbush@^4.0.2:
  version "4.0.2"
  resolved "https://registry.yarnpkg.com/kdbush/-/kdbush-4.0.2.tgz#2f7b7246328b4657dd122b6c7f025fbc2c868e39"
  integrity sha512-WbCVYJ27Sz8zi9Q7Q0xHC+05iwkm3Znipc2XTlrnJbsHMYktW4hPhXUE8Ys1engBrvffoSCqbil1JQAa7clRpA==

mapbox-gl@*:
  version "3.22.0"
  resolved "https://registry.yarnpkg.com/mapbox-gl/-/mapbox-gl-3.22.0.tgz#a20cf2c52ae6f5d463e0e9dabda7f8d774af541b"
  integrity sha512-ZIpF+oAMcQoDlvABmiRkHoydyBR9zI6CyDeVRa2/iyua0/B2+rPuIzoCV/CgN14P5F0HVk53GIZw220WSqJPyA==
  dependencies:
    "@mapbox/mapbox-gl-supported" "^3.0.0"
    "@mapbox/point-geometry" "^1.1.0"
    "@mapbox/tiny-sdf" "^2.0.6"
    "@mapbox/unitbezier" "^0.0.1"
    "@mapbox/vector-tile" "^2.0.4"
    "@types/geojson" "^7946.0.16"
    "@types/geojson-vt" "^3.2.5"
    "@types/pbf" "^3.0.5"
    "@types/supercluster" "^7.1.3"
    cheap-ruler "^4.0.0"
    csscolorparser "~1.0.3"
    earcut "^3.0.1"
    geojson-vt "^4.0.2"
    gl-matrix "^3.4.4"
    grid-index "^1.1.0"
    kdbush "^4.0.2"
    martinez-polygon-clipping "^0.8.1"
    murmurhash-js "^1.0.0"
    pbf "^4.0.1"
    potpack "^2.0.0"
    quickselect "^3.0.0"
    supercluster "^8.0.1"
    tinyqueue "^3.0.0"

maplibre-gl@^5.2.0:
  version "5.23.0"
  resolved "https://registry.yarnpkg.com/maplibre-gl/-/maplibre-gl-5.23.0.tgz#a72d4cda848d93072b9a2334c0ea3beb11a92ea1"
  integrity sha512-aou8YBNFS8uVtDWFWt0W/6oorfl18wt+oIA8fnXk1kivjkbtXi9gGrQvflTpwrR3hG13aWdIdbYWeN0NFMV7ag==
  dependencies:
    "@mapbox/jsonlint-lines-primitives" "^2.0.2"
    "@mapbox/point-geometry" "^1.1.0"
    "@mapbox/tiny-sdf" "^2.0.7"
    "@mapbox/unitbezier" "^0.0.1"
    "@mapbox/vector-tile" "^2.0.4"
    "@mapbox/whoots-js" "^3.1.0"
    "@maplibre/geojson-vt" "^6.1.0"
    "@maplibre/maplibre-gl-style-spec" "^24.8.1"
    "@maplibre/mlt" "^1.1.8"
    "@maplibre/vt-pbf" "^4.3.0"
    "@types/geojson" "^7946.0.16"
    earcut "^3.0.2"
    gl-matrix "^3.4.4"
    kdbush "^4.0.2"
    murmurhash-js "^1.0.0"
    pbf "^4.0.1"
    potpack "^2.1.0"
    quickselect "^3.0.0"
    tinyqueue "^3.0.0"

martinez-polygon-clipping@^0.8.1:
  version "0.8.1"
  resolved "https://registry.yarnpkg.com/martinez-polygon-clipping/-/martinez-polygon-clipping-0.8.1.tgz#72e5cfd7ebf6abc3f8a1bde85692822fe198d5c7"
  integrity sha512-9PLLMzMPI6ihHox4Ns6LpVBLpRc7sbhULybZ/wyaY8sY3ECNe2+hxm1hA2/9bEEpRrdpjoeduBuZLg2aq1cSIQ==
  dependencies:
    robust-predicates "^2.0.4"
    splaytree "^0.1.4"
    tinyqueue "3.0.0"

minimist@^1.2.8, minimist@~1.2.0:
  version "1.2.8"
  resolved "https://registry.yarnpkg.com/minimist/-/minimist-1.2.8.tgz#c1a464e7693302e082a075cee0c057741ac4772c"
  integrity sha512-2yyAR8qBkN3YuheJanUpWC5U3bb5osDywNB8RzDVlDwDHbocAJveqqj1u8+SVD7jkWT4yvsHCpWqqWqAxb0zCA==

murmurhash-js@^1.0.0:
  version "1.0.0"
  resolved "https://registry.yarnpkg.com/murmurhash-js/-/murmurhash-js-1.0.0.tgz#b06278e21fc6c37fa5313732b0412bcb6ae15f51"
  integrity sha512-TvmkNhkv8yct0SVBSy+o8wYzXjE4Zz3PCesbfs8HiCXXdcTuocApFv11UWlNFWKYsP2okqrhb7JNlSm9InBhIw==

nanoid@^5.0.9:
  version "5.1.9"
  resolved "https://registry.yarnpkg.com/nanoid/-/nanoid-5.1.9.tgz#aac959acf7d685269fb1be7f70a90d9db0848948"
  integrity sha512-ZUvP7KeBLe3OZ1ypw6dI/TzYJuvHP77IM4Ry73waSQTLn8/g8rpdjfyVAh7t1/+FjBtG4lCP42MEbDxOsRpBMw==

pbf@^4.0.1:
  version "4.0.1"
  resolved "https://registry.yarnpkg.com/pbf/-/pbf-4.0.1.tgz#ad9015e022b235dcdbe05fc468a9acadf483f0d4"
  integrity sha512-SuLdBvS42z33m8ejRbInMapQe8n0D3vN/Xd5fmWM3tufNgRQFBpaW2YVJxQZV4iPNqb0vEFvssMEo5w9c6BTIA==
  dependencies:
    resolve-protobuf-schema "^2.1.0"

potpack@^2.0.0, potpack@^2.1.0:
  version "2.1.0"
  resolved "https://registry.yarnpkg.com/potpack/-/potpack-2.1.0.tgz#fe548e2f9061e9937f17191c1ab6dd98ca30e02f"
  integrity sha512-pcaShQc1Shq0y+E7GqJqvZj8DTthWV1KeHGdi0Z6IAin2Oi3JnLCOfwnCo84qc+HAp52wT9nK9H7FAJp5a44GQ==

prettier@^2.1.1:
  version "2.8.8"
  resolved "https://registry.yarnpkg.com/prettier/-/prettier-2.8.8.tgz#e8c5d7e98a4305ffe3de2e1fc4aca1a71c28b1da"
  integrity sha512-tdN8qQGvNjw4CHbY+XXk0JgCXn9QiF21a55rBe5LJAU+kDyC4WQn4+awm2Xfk2lQMk5fKup9XgzTZtGkjBdP9Q==

process-nextick-args@~1.0.6:
  version "1.0.7"
  resolved "https://registry.yarnpkg.com/process-nextick-args/-/process-nextick-args-1.0.7.tgz#150e20b756590ad3f91093f25a4f2ad8bff30ba3"
  integrity sha512-yN0WQmuCX63LP/TMvAg31nvT6m4vDqJEiiv2CAZqWOGNWutc9DfDk1NPYYmKUFmaVM2UwDowH4u5AHWYP/jxKw==

protocol-buffers-schema@^3.3.1:
  version "3.6.1"
  resolved "https://registry.yarnpkg.com/protocol-buffers-schema/-/protocol-buffers-schema-3.6.1.tgz#fd9a58a5c4e96385b964808f3ddd58f9ef18c3c8"
  integrity sha512-VG2K63Igkiv9p76tk1lilczEK1cT+kCjKtkdhw1dQZV3k3IXJbd3o6Ho8b9zJZaHSnT2hKe4I+ObmX9w6m5SmQ==

quickselect@^3.0.0:
  version "3.0.0"
  resolved "https://registry.yarnpkg.com/quickselect/-/quickselect-3.0.0.tgz#a37fc953867d56f095a20ac71c6d27063d2de603"
  integrity sha512-XdjUArbK4Bm5fLLvlm5KpTFOiOThgfWWI4axAZDWg4E/0mKdZyI9tNEfds27qCi1ze/vwTR16kvmmGhRra3c2g==

readable-stream@~2.0.0:
  version "2.0.6"
  resolved "https://registry.yarnpkg.com/readable-stream/-/readable-stream-2.0.6.tgz#8f90341e68a53ccc928788dacfcd11b36eb9b78e"
  integrity sha512-TXcFfb63BQe1+ySzsHZI/5v1aJPCShfqvWJ64ayNImXMsN1Cd0YGk/wm8KB7/OeessgPc9QvS9Zou8QTkFzsLw==
  dependencies:
    core-util-is "~1.0.0"
    inherits "~2.0.1"
    isarray "~1.0.0"
    process-nextick-args "~1.0.6"
    string_decoder "~0.10.x"
    util-deprecate "~1.0.1"

resolve-protobuf-schema@^2.1.0:
  version "2.1.0"
  resolved "https://registry.yarnpkg.com/resolve-protobuf-schema/-/resolve-protobuf-schema-2.1.0.tgz#9ca9a9e69cf192bbdaf1006ec1973948aa4a3758"
  integrity sha512-kI5ffTiZWmJaS/huM8wZfEMer1eRd7oJQhDuxeCLe3t7N7mX3z94CN0xPxBQxFYQTSNz9T0i+v6inKqSdK8xrQ==
  dependencies:
    protocol-buffers-schema "^3.3.1"

robust-predicates@^2.0.4:
  version "2.0.4"
  resolved "https://registry.yarnpkg.com/robust-predicates/-/robust-predicates-2.0.4.tgz#0a2367a93abd99676d075981707f29cfb402248b"
  integrity sha512-l4NwboJM74Ilm4VKfbAtFeGq7aEjWL+5kVFcmgFA2MrdnQWx9iE/tUGvxY5HyMI7o/WpSIUFLbC5fbeaHgSCYg==

rw@^1.3.3:
  version "1.3.3"
  resolved "https://registry.yarnpkg.com/rw/-/rw-1.3.3.tgz#3f862dfa91ab766b14885ef4d01124bfda074fb4"
  integrity sha512-PdhdWy89SiZogBLaw42zdeqtRJ//zFd2PgQavcICDUgJT5oW10QCRKbJ6bg4r0/UY2M6BWd5tkxuGFRvCkgfHQ==

splaytree@^0.1.4:
  version "0.1.4"
  resolved "https://registry.yarnpkg.com/splaytree/-/splaytree-0.1.4.tgz#fc35475248edcc29d4938c9b67e43c6b7e55a659"
  integrity sha512-D50hKrjZgBzqD3FT2Ek53f2dcDLAQT8SSGrzj3vidNH5ISRgceeGVJ2dQIthKOuayqFXfFjXheHNo4bbt9LhRQ==

string_decoder@~0.10.x:
  version "0.10.31"
  resolved "https://registry.yarnpkg.com/string_decoder/-/string_decoder-0.10.31.tgz#62e203bc41766c6c28c9fc84301dab1c5310fa94"
  integrity sha512-ev2QzSzWPYmy9GuqfIVildA4OdcGLeFZQrq5ys6RtiuF+RQQiZWr8TZNyAcuVXyQRYfEO+MsoB/1BuQVhOJuoQ==

supercluster@^8.0.1:
  version "8.0.1"
  resolved "https://registry.yarnpkg.com/supercluster/-/supercluster-8.0.1.tgz#9946ba123538e9e9ab15de472531f604e7372df5"
  integrity sha512-IiOea5kJ9iqzD2t7QJq/cREyLHTtSmUT6gQsweojg9WH2sYJqZK9SswTu6jrscO6D1G5v5vYZ9ru/eq85lXeZQ==
  dependencies:
    kdbush "^4.0.2"

tinyqueue@3.0.0, tinyqueue@^3.0.0:
  version "3.0.0"
  resolved "https://registry.yarnpkg.com/tinyqueue/-/tinyqueue-3.0.0.tgz#101ea761ccc81f979e29200929e78f1556e3661e"
  integrity sha512-gRa9gwYU3ECmQYv3lslts5hxuIa90veaEcxDYuu3QGOIAEM2mOZkVHp48ANJuu1CURtRdHKUBY5Lm1tHV+sD4g==

tslib@^2.8.1:
  version "2.8.1"
  resolved "https://registry.yarnpkg.com/tslib/-/tslib-2.8.1.tgz#612efe4ed235d567e8aba5f2a5fab70280ade83f"
  integrity sha512-oJFu94HQb+KVduSUQL7wnpmqnfmLsOA/nAh6b6EH0wCEoK0/mPeXU6c3wKDV83MkOuHPRHtSXKKU99IBazS/2w==

typedarray@~0.0.5:
  version "0.0.7"
  resolved "https://registry.yarnpkg.com/typedarray/-/typedarray-0.0.7.tgz#799207136a37f3b3efb8c66c40010d032714dc73"
  integrity sha512-ueeb9YybpjhivjbHP2LdFDAjbS948fGEPj+ACAMs4xCMmh72OCOMQWBQKlaN4ZNQ04yfLSDLSx1tGRIoWimObQ==

util-deprecate@~1.0.1:
  version "1.0.2"
  resolved "https://registry.yarnpkg.com/util-deprecate/-/util-deprecate-1.0.2.tgz#450d4dc9fa70de732762fbd2d4a28981419a0ccf"
  integrity sha512-EPD5q1uXyFxJpCrLnCc1nHnq3gOa6DZBocAIiI2TaSCA7VCJ1UJDMagCzIkXNsUYfD1daK//LTEQ8xiIbrHtcw==

uuid@3.3.2:
  version "3.3.2"
  resolved "https://registry.yarnpkg.com/uuid/-/uuid-3.3.2.tgz#1b4af4955eb3077c501c23872fc6513811587131"
  integrity sha512-yXJmeNaw3DnnKAOKJE51sL/ZaYfWJRl1pK9dr19YFCu0ObS231AB1/LbqTKRAQ5kw8A90rA6fr4riOUpTZvQZA==

wellknown@^0.5.0:
  version "0.5.0"
  resolved "https://registry.yarnpkg.com/wellknown/-/wellknown-0.5.0.tgz#09ae9871fa826cf0a6ec1537ef00c379d78d7101"
  integrity sha512-za5vTLuPF9nmrVOovYQwNEWE/PwJCM+yHMAj4xN1WWUvtq9OElsvKiPL0CR9rO8xhrYqL7NpI7IknqR8r6eYOg==
  dependencies:
    concat-stream "~1.5.0"
    minimist "~1.2.0"

wgs84@0.0.0:
  version "0.0.0"
  resolved "https://registry.yarnpkg.com/wgs84/-/wgs84-0.0.0.tgz#34fdc555917b6e57cf2a282ed043710c049cdc76"
  integrity sha512-ANHlY4Rb5kHw40D0NJ6moaVfOCMrp9Gpd1R/AIQYg2ko4/jzcJ+TVXYYF6kXJqQwITvEZP4yEthjM7U6rYlljQ==
