# THIS IS AN AUTOGENERATED FILE. DO NOT EDIT THIS FILE DIRECTLY.
# yarn lockfile v1


"@mapbox/extent@0.4.0":
  version "0.4.0"
  resolved "https://registry.yarnpkg.com/@mapbox/extent/-/extent-0.4.0.tgz#3e591f32e1f0c3981c864239f7b0ac06e610f8a9"
  integrity sha512-MSoKw3qPceGuupn04sdaJrFeLKvcSETVLZCGS8JA9x6zXQL3FWiKaIXYIZEDXd5jpXpWlRxinCZIN49yRy0C9A==

"@mapbox/geojson-area@^0.2.2":
  version "0.2.2"
  resolved "https://registry.yarnpkg.com/@mapbox/geojson-area/-/geojson-area-0.2.2.tgz#18d7814aa36bf23fbbcc379f8e26a22927debf10"
  integrity sha512-bBqqFn1kIbLBfn7Yq1PzzwVkPYQr9lVUeT8Dhd0NL5n76PBuXzOcuLV7GOSbEB1ia8qWxH4COCvFpziEu/yReA==
  dependencies:
    wgs84 "0.0.0"

"@mapbox/geojson-coords@0.0.2":
  version "0.0.2"
  resolved "https://registry.yarnpkg.com/@mapbox/geojson-coords/-/geojson-coords-0.0.2.tgz#f73d5744c832de0f05c48899f16a4288cefb2606"
  integrity sha512-YuVzpseee/P1T5BWyeVVPppyfmuXYHFwZHmybkqaMfu4BWlOf2cmMGKj2Rr92MwfSTOCSUA0PAsVGRG8akY0rg==
  dependencies:
    "@mapbox/geojson-normalize" "0.0.1"
    geojson-flatten "^1.0.4"

"@mapbox/geojson-extent@^1.0.1":
  version "1.0.1"
  resolved "https://registry.yarnpkg.com/@mapbox/geojson-extent/-/geojson-extent-1.0.1.tgz#bd99a6b66ba98e63a29511c9cd1bbd1df4c1e203"
  integrity sha512-hh8LEO3djT4fqfr8sSC6wKt+p0TMiu+KOLMBUiFOyj+zGq7+IXwQGl0ppCVDkyzCewyd9LoGe9zAvDxXrLfhLw==
  dependencies:
    "@mapbox/extent" "0.4.0"
    "@mapbox/geojson-coords" "0.0.2"
    rw "~0.1.4"
    traverse "~0.6.6"

"@mapbox/geojson-normalize@0.0.1", "@mapbox/geojson-normalize@^0.0.1":
  version "0.0.1"
  resolved "https://registry.yarnpkg.com/@mapbox/geojson-normalize/-/geojson-normalize-0.0.1.tgz#1da1e6b3a7add3ad29909b30f438f60581b7cd80"
  integrity sha512-82V7YHcle8lhgIGqEWwtXYN5cy0QM/OHq3ypGhQTbvHR57DF0vMHMjjVSQKFfVXBe/yWCBZTyOuzvK7DFFnx5Q==

"@mapbox/jsonlint-lines-primitives@^2.0.3":
  version "2.0.3"
  resolved "https://registry.yarnpkg.com/@mapbox/jsonlint-lines-primitives/-/jsonlint-lines-primitives-2.0.3.tgz#7d7b0b971fbaf6d60953272db4df03020d3fb004"
  integrity sha512-0SElaV0uMxEnxzBhhX9WTuPyUeMsAN/SS0i16tjuba4/mio63MG9khjC1a0JAiPGXAwvwm4UfHJURCN7nyudQg==

"@mapbox/mapbox-gl-draw@^1.4.0":
  version "1.4.2"
  resolved "https://registry.yarnpkg.com/@mapbox/mapbox-gl-draw/-/mapbox-gl-draw-1.4.2.tgz#3ec71d496f056313707c67e62728945563336a85"
  integrity sha512-Zvl5YN+tIuYZlzPmuzOgkoJsZX6sHMQsnFI+O3ox8EwYkpLO2w0U2FvVhQuVnq1Yys12x6UnF+0IPoEdBy2UfA==
  dependencies:
    "@mapbox/geojson-area" "^0.2.2"
    "@mapbox/geojson-extent" "^1.0.1"
    "@mapbox/geojson-normalize" "^0.0.1"
    "@mapbox/point-geometry" "^0.1.0"
    hat "0.0.3"
    lodash.isequal "^4.5.0"
    xtend "^4.0.2"

"@mapbox/point-geometry@^0.1.0":
  version "0.1.0"
  resolved "https://registry.yarnpkg.com/@mapbox/point-geometry/-/point-geometry-0.1.0.tgz#8a83f9335c7860effa2eeeca254332aa0aeed8f2"
  integrity sha512-6j56HdLTwWGO0fJPlrZtdU/B13q8Uwmo18Ck2GnGgN9PCFyKTZ3UbXeEdRFh18i9XQ92eH2VdtpJHpBD3aripQ==

"@mapbox/point-geometry@^1.1.0", "@mapbox/point-geometry@~1.1.0":
  version "1.1.0"
  resolved "https://registry.yarnpkg.com/@mapbox/point-geometry/-/point-geometry-1.1.0.tgz#3328fb54b3a1273bc619bf0a6baad8de37181749"
  integrity sha512-YGcBz1cg4ATXDCM/71L9xveh4dynfGmcLDqufR+nQQy3fKwsAZsWd/x4621/6uJaeB9mwOHE6hPeDgXz9uViUQ==

"@mapbox/tiny-sdf@^2.2.0":
  version "2.2.0"
  resolved "https://registry.yarnpkg.com/@mapbox/tiny-sdf/-/tiny-sdf-2.2.0.tgz#95dae0dc371b8c55c53d70f3e25d56823427f4c8"
  integrity sha512-LVL4wgI9YAum5V+LNVQO6QgFBPw7/MIIY4XJPNsPDMrjEwcE+JfKk1LuIl8GnF197ejVdC9QdPaxrx5gfgdGXg==

"@mapbox/unitbezier@^1.0.0":
  version "1.0.0"
  resolved "https://registry.yarnpkg.com/@mapbox/unitbezier/-/unitbezier-1.0.0.tgz#54319aff6c467bb1b909e04895c08cdb966bfbff"
  integrity sha512-fqd515fjBmANKGGsQ286E2Wvj/XvDFpGzwJxq4CI6jMQue6Oy04uCKp+JWKF00xRTmk6cEu1jPJ9p3xqH8YWqQ==

"@mapbox/vector-tile@^3.0.0":
  version "3.0.0"
  resolved "https://registry.yarnpkg.com/@mapbox/vector-tile/-/vector-tile-3.0.0.tgz#71a75acb5ee20c20adca5c4e1ffb5ef95a56e351"
  integrity sha512-Qf10S1uIHMk20ri/IVBnpS+esUEkVaR5Hftmz88jTInrpmWgPGJfPe3LVjjlE77trLx8tH6qjTG7uWH9hIq/0Q==
  dependencies:
    "@mapbox/point-geometry" "~1.1.0"
    "@types/geojson" "^7946.0.16"
    pbf "^5.0.0"

"@maplibre/geojson-vt@^6.1.1":
  version "6.1.1"
  resolved "https://registry.yarnpkg.com/@maplibre/geojson-vt/-/geojson-vt-6.1.1.tgz#25a032435b4ce2236ea0ba911aff5fb6d5454fc1"
  integrity sha512-FVMOcmSP/yqol45t7StApEyTL5/vmqBCuFhH9n+fFuINenhaX+YgHHIt1yJ86S8kln3uJLcMvmEU2cfn6E2eCQ==
  dependencies:
    kdbush "^4.1.0"

"@maplibre/maplibre-gl-style-spec@^26.2.1":
  version "26.4.4"
  resolved "https://registry.yarnpkg.com/@maplibre/maplibre-gl-style-spec/-/maplibre-gl-style-spec-26.4.4.tgz#e103d50f9eed8a44f1fde1c4970c5d2a47b19b78"
  integrity sha512-hG4RZR4PBd/+6A3ODdZ3AnQRF106ZQk1y3bhwDg8bH/A4Oz2tnRUJVVWs9BZa6gXZ1d3UKe89C+Mm+olGBELvA==
  dependencies:
    "@mapbox/jsonlint-lines-primitives" "^2.0.3"
    "@mapbox/unitbezier" "^1.0.0"
    json-stringify-pretty-compact "^4.0.0"
    minimist "^1.2.8"
    quickselect "^3.0.0"
    tinyqueue "^3.0.0"

"@maplibre/mlt@^1.1.12":
  version "1.3.0"
  resolved "https://registry.yarnpkg.com/@maplibre/mlt/-/mlt-1.3.0.tgz#3a9467d12a0b6edfcdba429dd3a260ca48f11129"
  integrity sha512-7M2O7ABM80Oi8XPkfkrjKB8mOBIxGoVgkA52Mu4RMWoBvvMdagQ522+WxVYujZsMpqIr3BpzrTbXrm4k8lCzCQ==
  dependencies:
    "@mapbox/point-geometry" "^1.1.0"

"@maplibre/vt-pbf@^4.3.2":
  version "4.3.2"
  resolved "https://registry.yarnpkg.com/@maplibre/vt-pbf/-/vt-pbf-4.3.2.tgz#cfcdbdadaf88b4cb8645e43c8eead77cd6546030"
  integrity sha512-j6p0AdjvAR19Z3XaCysle7A4ZSo08tYOzxD0Y9NQylwPAkwJJeYub5b2eVucdeDh7erhv69DahoLOevDRERRUw==
  dependencies:
    "@mapbox/point-geometry" "^1.1.0"
    "@types/geojson" "^7946.0.16"
    pbf "^5.1.0"

"@opensearch-dashboards-test/opensearch-dashboards-test-library@https://github.com/opensearch-project/opensearch-dashboards-test-library/archive/refs/tags/1.0.6.tar.gz":
  version "1.0.6"
  resolved "https://github.com/opensearch-project/opensearch-dashboards-test-library/archive/refs/tags/1.0.6.tar.gz#f2f489832a75191e243c6d2b42d49047265d9ce3"

"@types/geojson@*":
  version "7946.0.10"
  resolved "https://registry.yarnpkg.com/@types/geojson/-/geojson-7946.0.10.tgz#6dfbf5ea17142f7f9a043809f1cd4c448cb68249"
  integrity sha512-Nmh0K3iWQJzniTuPRcJn5hxXkfB1T1pgB89SBig5PlJQU5yocazeu4jATJlaA0GYFKWMqDdvYemoSnF2pXgLVA==

"@types/geojson@^7946.0.16":
  version "7946.0.16"
  resolved "https://registry.yarnpkg.com/@types/geojson/-/geojson-7946.0.16.tgz#8ebe53d69efada7044454e3305c19017d97ced2a"
  integrity sha512-6C8nqWur3j98U6+lXDfTUWIfgvZU+EumvpHKcYjujKH7woYyLj2sUmff0tRhrqM7BohUw7Pz3ZB1jj2gW9Fvmg==

"@types/mapbox-gl@*":
  version "2.7.13"
  resolved "https://registry.yarnpkg.com/@types/mapbox-gl/-/mapbox-gl-2.7.13.tgz#35f96ca3f8f651ff0258baf081f4bd501874a78b"
  integrity sha512-qNffhTdYkeFl8QG9Q1zPPJmcs8PvHgmLa1PcwP1rxvcfMsIgcFr/FnrCttG0ZnH7Kzdd7xfECSRNTWSr4jC3PQ==
  dependencies:
    "@types/geojson" "*"

"@types/mapbox__mapbox-gl-draw@^1.3.3":
  version "1.4.0"
  resolved "https://registry.yarnpkg.com/@types/mapbox__mapbox-gl-draw/-/mapbox__mapbox-gl-draw-1.4.0.tgz#2881b403a7353263fe15468eb449f1728b344a95"
  integrity sha512-hcr3NA9Yt3fML6SXaeaQzC6x2ftESob0CrZXR4dUBrZ//SPCU02dGlws3aCXlwqDoQW0mLuK5/UExStJgp0BOg==
  dependencies:
    "@types/geojson" "*"
    "@types/mapbox-gl" "*"

"@types/prop-types@*":
  version "15.7.5"
  resolved "https://registry.yarnpkg.com/@types/prop-types/-/prop-types-15.7.5.tgz#5f19d2b85a98e9558036f6a3cacc8819420f05cf"
  integrity sha512-JCB8C6SnDoQf0cNycqd/35A7MjcnK+ZTqE7judS6o7utxUCg6imJg3QK2qzHKszlTjcj2cn+NwMB2i96ubpj7w==

"@types/react-test-renderer@^18.0.7":
  version "18.0.7"
  resolved "https://registry.yarnpkg.com/@types/react-test-renderer/-/react-test-renderer-18.0.7.tgz#2cfe657adb3688cdf543995eceb2e062b5a68728"
  integrity sha512-1+ANPOWc6rB3IkSnElhjv6VLlKg2dSv/OWClUyZimbLsQyBn8Js9Vtdsi3UICJ2rIQ3k2la06dkB+C92QfhKmg==
  dependencies:
    "@types/react" "*"

"@types/react@*":
  version "18.2.21"
  resolved "https://registry.yarnpkg.com/@types/react/-/react-18.2.21.tgz#774c37fd01b522d0b91aed04811b58e4e0514ed9"
  integrity sha512-neFKG/sBAwGxHgXiIxnbm3/AAVQ/cMRS93hvBpg8xYRbeQSPVABp9U2bRnPf0iI4+Ucdv3plSxKK+3CW2ENJxA==
  dependencies:
    "@types/prop-types" "*"
    "@types/scheduler" "*"
    csstype "^3.0.2"

"@types/scheduler@*":
  version "0.16.3"
  resolved "https://registry.yarnpkg.com/@types/scheduler/-/scheduler-0.16.3.tgz#cef09e3ec9af1d63d2a6cc5b383a737e24e6dcf5"
  integrity sha512-5cJ8CB4yAx7BH1oMvdU0Jh9lrEXyPkar6F9G/ERswkCuvP4KQZfZkSjcMbAICCpQTN4OuZn8tz0HiKv9TGZgrQ==

"@types/wellknown@^0.5.4":
  version "0.5.5"
  resolved "https://registry.yarnpkg.com/@types/wellknown/-/wellknown-0.5.5.tgz#956a61e7da1a2d12ebe996c35d30446835c1c96d"
  integrity sha512-dlG6+Tm5Wkt5YKuECshk1K0qaA6AQ3epSuRXNw9BCzu5gBnMBjg54A7sWd0mpY6gntX3DPjCVcI1lrzlMaxeKg==

concat-stream@~1.5.0:
  version "1.5.2"
  resolved "https://registry.yarnpkg.com/concat-stream/-/concat-stream-1.5.2.tgz#708978624d856af41a5a741defdd261da752c266"
  integrity sha512-H6xsIBfQ94aESBG8jGHXQ7i5AEpy5ZeVaLDOisDICiTCKpqEfr34/KmTrspKQNoLKNu9gTkovlpQcUi630AKiQ==
  dependencies:
    inherits "~2.0.1"
    readable-stream "~2.0.0"
    typedarray "~0.0.5"

core-util-is@~1.0.0:
  version "1.0.3"
  resolved "https://registry.yarnpkg.com/core-util-is/-/core-util-is-1.0.3.tgz#a6042d3634c2b27e9328f837b965fac83808db85"
  integrity sha512-ZQBvi1DcpJ4GDqanjucZ2Hj3wEO5pZDS89BWbkcrvdxksJorwUDDZamX9ldFkp9aw2lmBDLgkObEA4DWNJ9FYQ==

csstype@^3.0.2:
  version "3.1.2"
  resolved "https://registry.yarnpkg.com/csstype/-/csstype-3.1.2.tgz#1d4bf9d572f11c14031f0436e1c10bc1f571f50b"
  integrity sha512-I7K1Uu0MBPzaFKg4nI5Q7Vs2t+3gWWW648spaF+Rg7pI9ds18Ugn+lvg4SHczUdKlHI5LWBXyqfS8+DufyBsgQ==

earcut@^3.2.3:
  version "3.2.3"
  resolved "https://registry.yarnpkg.com/earcut/-/earcut-3.2.3.tgz#74aec19555a7e28773429826729d2e4bfeb19022"
  integrity sha512-vnS4AVwp1KHAF13i1vp1/2D5evWy3k5u/iW/B81QVsUZtV8cv2tU0b2VNFlqvh4kYwrFMDdjPCfAmfyJW9y14Q==

geojson-flatten@^1.0.4:
  version "1.1.1"
  resolved "https://registry.yarnpkg.com/geojson-flatten/-/geojson-flatten-1.1.1.tgz#601aae07ba6406281ebca683573dcda69eba04c7"
  integrity sha512-k/6BCd0qAt7vdqdM1LkLfAy72EsLDy0laNwX0x2h49vfYCiQkRc4PSra8DNEdJ10EKRpwEvDXMb0dBknTJuWpQ==

geojson@^0.5.0:
  version "0.5.0"
  resolved "https://registry.yarnpkg.com/geojson/-/geojson-0.5.0.tgz#3cd6c96399be65b56ee55596116fe9191ce701c0"
  integrity sha512-/Bx5lEn+qRF4TfQ5aLu6NH+UKtvIv7Lhc487y/c8BdludrCTpiWf9wyI0RTyqg49MFefIAvFDuEi5Dfd/zgNxQ==

gl-matrix@^3.4.4:
  version "3.4.4"
  resolved "https://registry.yarnpkg.com/gl-matrix/-/gl-matrix-3.4.4.tgz#7789ee4982f62c7a7af447ee488f3bd6b0c77003"
  integrity sha512-latSnyDNt/8zYUB6VIJ6PCh2jBjJX6gnDsoCZ7LyW7GkqrD51EWwa9qCoGixj8YqBtETQK/xY7OmpTF8xz1DdQ==

hat@0.0.3:
  version "0.0.3"
  resolved "https://registry.yarnpkg.com/hat/-/hat-0.0.3.tgz#bb014a9e64b3788aed8005917413d4ff3d502d8a"
  integrity sha512-zpImx2GoKXy42fVDSEad2BPKuSQdLcqsCYa48K3zHSzM/ugWuYjLDr8IXxpVuL7uCLHw56eaiLxCRthhOzf5ug==

inherits@~2.0.1:
  version "2.0.4"
  resolved "https://registry.yarnpkg.com/inherits/-/inherits-2.0.4.tgz#0fa2c64f932917c3433a0ded55363aae37416b7c"
  integrity sha512-k/vGaX4/Yla3WzyMCvTQOXYeIHvqOKtnqBduzTHpzpQZzAskKMhZ2K+EnBiSM9zGSoIFeMpXKxa4dYeZIQqewQ==

install@^0.13.0:
  version "0.13.0"
  resolved "https://registry.yarnpkg.com/install/-/install-0.13.0.tgz#6af6e9da9dd0987de2ab420f78e60d9c17260776"
  integrity sha512-zDml/jzr2PKU9I8J/xyZBQn8rPCAY//UOYNmR01XwNwyfhEWObo2SWfSl1+0tm1u6PhxLwDnfsT/6jB7OUxqFA==

isarray@~1.0.0:
  version "1.0.0"
  resolved "https://registry.yarnpkg.com/isarray/-/isarray-1.0.0.tgz#bb935d48582cba168c06834957a54a3e07124f11"
  integrity sha512-VLghIWNM6ELQzo7zwmcg0NmTVyWKYjvIeM83yjp0wRDTmUnrM678fQbcKBo6n2CJEF0szoG//ytg+TKla89ALQ==

json-stringify-pretty-compact@^4.0.0:
  version "4.0.0"
  resolved "https://registry.yarnpkg.com/json-stringify-pretty-compact/-/json-stringify-pretty-compact-4.0.0.tgz#cf4844770bddee3cb89a6170fe4b00eee5dbf1d4"
  integrity sha512-3CNZ2DnrpByG9Nqj6Xo8vqbjT4F6N+tb4Gb28ESAZjYZ5yqvmc56J+/kuIwkaAMOyblTQhUW7PxMkUb8Q36N3Q==

kdbush@^4.1.0:
  version "4.1.0"
  resolved "https://registry.yarnpkg.com/kdbush/-/kdbush-4.1.0.tgz#d504bc0447a59be4fb75533a5c25e316b3ed8859"
  integrity sha512-e9vurzrXJQrFX6ckpHP3bvj5l+9CnYzkxDNnNQ1h2QTqdWsUAJgXiKdGNcOa1EY85dU8KbQ+z/FdQdB7P+9yfQ==

lodash.isequal@^4.5.0:
  version "4.5.0"
  resolved "https://registry.yarnpkg.com/lodash.isequal/-/lodash.isequal-4.5.0.tgz#415c4478f2bcc30120c22ce10ed3226f7d3e18e0"
  integrity sha512-pDo3lu8Jhfjqls6GkMgpahsF9kCyayhgykjyLMNFTKWrpVdAQtYyB4muAMWozBB4ig/dtWAmsMxLEI8wuz+DYQ==

"mapbox-gl@npm:maplibre-gl@6.4.1":
  version "6.4.1"
  resolved "https://registry.yarnpkg.com/maplibre-gl/-/maplibre-gl-6.4.1.tgz#34ae00dbbdef965f6519948ff131758f544d3696"
  integrity sha512-KzxQKtfBu/pSz1C+yW1hNS9eyj2h2lC7ufdAi6/SEt177n3oAfDfmUmslRfJdXY7ReAFBcnvwsqmiyoDhtA9GQ==
  dependencies:
    "@mapbox/point-geometry" "^1.1.0"
    "@mapbox/tiny-sdf" "^2.2.0"
    "@mapbox/unitbezier" "^1.0.0"
    "@mapbox/vector-tile" "^3.0.0"
    "@maplibre/geojson-vt" "^6.1.1"
    "@maplibre/maplibre-gl-style-spec" "^26.2.1"
    "@maplibre/mlt" "^1.1.12"
    "@maplibre/vt-pbf" "^4.3.2"
    "@types/geojson" "^7946.0.16"
    earcut "^3.2.3"
    gl-matrix "^3.4.4"
    kdbush "^4.1.0"
    murmurhash-js "^1.0.0"
    pbf "^5.1.2"
    potpack "^2.1.0"
    quickselect "^3.0.0"
    tinyqueue "^3.0.0"

maplibre-gl@6.4.1:
  version "6.4.1"
  resolved "https://registry.yarnpkg.com/maplibre-gl/-/maplibre-gl-6.4.1.tgz#34ae00dbbdef965f6519948ff131758f544d3696"
  integrity sha512-KzxQKtfBu/pSz1C+yW1hNS9eyj2h2lC7ufdAi6/SEt177n3oAfDfmUmslRfJdXY7ReAFBcnvwsqmiyoDhtA9GQ==
  dependencies:
    "@mapbox/point-geometry" "^1.1.0"
    "@mapbox/tiny-sdf" "^2.2.0"
    "@mapbox/unitbezier" "^1.0.0"
    "@mapbox/vector-tile" "^3.0.0"
    "@maplibre/geojson-vt" "^6.1.1"
    "@maplibre/maplibre-gl-style-spec" "^26.2.1"
    "@maplibre/mlt" "^1.1.12"
    "@maplibre/vt-pbf" "^4.3.2"
    "@types/geojson" "^7946.0.16"
    earcut "^3.2.3"
    gl-matrix "^3.4.4"
    kdbush "^4.1.0"
    murmurhash-js "^1.0.0"
    pbf "^5.1.2"
    potpack "^2.1.0"
    quickselect "^3.0.0"
    tinyqueue "^3.0.0"

minimist@^1.2.8, minimist@~1.2.0:
  version "1.2.8"
  resolved "https://registry.yarnpkg.com/minimist/-/minimist-1.2.8.tgz#c1a464e7693302e082a075cee0c057741ac4772c"
  integrity sha512-2yyAR8qBkN3YuheJanUpWC5U3bb5osDywNB8RzDVlDwDHbocAJveqqj1u8+SVD7jkWT4yvsHCpWqqWqAxb0zCA==

murmurhash-js@^1.0.0:
  version "1.0.0"
  resolved "https://registry.yarnpkg.com/murmurhash-js/-/murmurhash-js-1.0.0.tgz#b06278e21fc6c37fa5313732b0412bcb6ae15f51"
  integrity sha512-TvmkNhkv8yct0SVBSy+o8wYzXjE4Zz3PCesbfs8HiCXXdcTuocApFv11UWlNFWKYsP2okqrhb7JNlSm9InBhIw==

pbf@^5.0.0, pbf@^5.1.0, pbf@^5.1.2:
  version "5.1.2"
  resolved "https://registry.yarnpkg.com/pbf/-/pbf-5.1.2.tgz#07c427819eda32f02f1ec9741558f61444f2e1c0"
  integrity sha512-mnvGdvOrIvJOBGUEdGkrVXjN8E/VkIJCkf2eS1DH2yv82ORUlLttmDt0rWY38yYZmVwciZwBUvHM20qxBZf40w==
  dependencies:
    resolve-protobuf-schema "^2.1.0"

potpack@^2.1.0:
  version "2.1.0"
  resolved "https://registry.yarnpkg.com/potpack/-/potpack-2.1.0.tgz#fe548e2f9061e9937f17191c1ab6dd98ca30e02f"
  integrity sha512-pcaShQc1Shq0y+E7GqJqvZj8DTthWV1KeHGdi0Z6IAin2Oi3JnLCOfwnCo84qc+HAp52wT9nK9H7FAJp5a44GQ==

prettier@^2.1.1:
  version "2.8.8"
  resolved "https://registry.yarnpkg.com/prettier/-/prettier-2.8.8.tgz#e8c5d7e98a4305ffe3de2e1fc4aca1a71c28b1da"
  integrity sha512-tdN8qQGvNjw4CHbY+XXk0JgCXn9QiF21a55rBe5LJAU+kDyC4WQn4+awm2Xfk2lQMk5fKup9XgzTZtGkjBdP9Q==

process-nextick-args@~1.0.6:
  version "1.0.7"
  resolved "https://registry.yarnpkg.com/process-nextick-args/-/process-nextick-args-1.0.7.tgz#150e20b756590ad3f91093f25a4f2ad8bff30ba3"
  integrity sha512-yN0WQmuCX63LP/TMvAg31nvT6m4vDqJEiiv2CAZqWOGNWutc9DfDk1NPYYmKUFmaVM2UwDowH4u5AHWYP/jxKw==

protocol-buffers-schema@^3.3.1:
  version "3.6.1"
  resolved "https://registry.yarnpkg.com/protocol-buffers-schema/-/protocol-buffers-schema-3.6.1.tgz#fd9a58a5c4e96385b964808f3ddd58f9ef18c3c8"
  integrity sha512-VG2K63Igkiv9p76tk1lilczEK1cT+kCjKtkdhw1dQZV3k3IXJbd3o6Ho8b9zJZaHSnT2hKe4I+ObmX9w6m5SmQ==

quickselect@^3.0.0:
  version "3.0.0"
  resolved "https://registry.yarnpkg.com/quickselect/-/quickselect-3.0.0.tgz#a37fc953867d56f095a20ac71c6d27063d2de603"
  integrity sha512-XdjUArbK4Bm5fLLvlm5KpTFOiOThgfWWI4axAZDWg4E/0mKdZyI9tNEfds27qCi1ze/vwTR16kvmmGhRra3c2g==

readable-stream@~2.0.0:
  version "2.0.6"
  resolved "https://registry.yarnpkg.com/readable-stream/-/readable-stream-2.0.6.tgz#8f90341e68a53ccc928788dacfcd11b36eb9b78e"
  integrity sha512-TXcFfb63BQe1+ySzsHZI/5v1aJPCShfqvWJ64ayNImXMsN1Cd0YGk/wm8KB7/OeessgPc9QvS9Zou8QTkFzsLw==
  dependencies:
    core-util-is "~1.0.0"
    inherits "~2.0.1"
    isarray "~1.0.0"
    process-nextick-args "~1.0.6"
    string_decoder "~0.10.x"
    util-deprecate "~1.0.1"

resolve-protobuf-schema@^2.1.0:
  version "2.1.0"
  resolved "https://registry.yarnpkg.com/resolve-protobuf-schema/-/resolve-protobuf-schema-2.1.0.tgz#9ca9a9e69cf192bbdaf1006ec1973948aa4a3758"
  integrity sha512-kI5ffTiZWmJaS/huM8wZfEMer1eRd7oJQhDuxeCLe3t7N7mX3z94CN0xPxBQxFYQTSNz9T0i+v6inKqSdK8xrQ==
  dependencies:
    protocol-buffers-schema "^3.3.1"

rw@~0.1.4:
  version "0.1.4"
  resolved "https://registry.yarnpkg.com/rw/-/rw-0.1.4.tgz#4903cbd80248ae0ede685bf58fd236a7a9b29a3e"
  integrity sha512-vSj3D96kMcjNyqPcp65wBRIDImGSrUuMxngNNxvw8MQaO+aQ6llzRPH7XcJy5zrpb3wU++045+Uz/IDIM684iw==

string_decoder@~0.10.x:
  version "0.10.31"
  resolved "https://registry.yarnpkg.com/string_decoder/-/string_decoder-0.10.31.tgz#62e203bc41766c6c28c9fc84301dab1c5310fa94"
  integrity sha512-ev2QzSzWPYmy9GuqfIVildA4OdcGLeFZQrq5ys6RtiuF+RQQiZWr8TZNyAcuVXyQRYfEO+MsoB/1BuQVhOJuoQ==

tinyqueue@^3.0.0:
  version "3.0.0"
  resolved "https://registry.yarnpkg.com/tinyqueue/-/tinyqueue-3.0.0.tgz#101ea761ccc81f979e29200929e78f1556e3661e"
  integrity sha512-gRa9gwYU3ECmQYv3lslts5hxuIa90veaEcxDYuu3QGOIAEM2mOZkVHp48ANJuu1CURtRdHKUBY5Lm1tHV+sD4g==

traverse@~0.6.6:
  version "0.6.7"
  resolved "https://registry.yarnpkg.com/traverse/-/traverse-0.6.7.tgz#46961cd2d57dd8706c36664acde06a248f1173fe"
  integrity sha512-/y956gpUo9ZNCb99YjxG7OaslxZWHfCHAUUfshwqOXmxUIvqLjVO581BT+gM59+QV9tFe6/CGG53tsA1Y7RSdg==

typedarray@~0.0.5:
  version "0.0.7"
  resolved "https://registry.yarnpkg.com/typedarray/-/typedarray-0.0.7.tgz#799207136a37f3b3efb8c66c40010d032714dc73"
  integrity sha512-ueeb9YybpjhivjbHP2LdFDAjbS948fGEPj+ACAMs4xCMmh72OCOMQWBQKlaN4ZNQ04yfLSDLSx1tGRIoWimObQ==

util-deprecate@~1.0.1:
  version "1.0.2"
  resolved "https://registry.yarnpkg.com/util-deprecate/-/util-deprecate-1.0.2.tgz#450d4dc9fa70de732762fbd2d4a28981419a0ccf"
  integrity sha512-EPD5q1uXyFxJpCrLnCc1nHnq3gOa6DZBocAIiI2TaSCA7VCJ1UJDMagCzIkXNsUYfD1daK//LTEQ8xiIbrHtcw==

wellknown@^0.5.0:
  version "0.5.0"
  resolved "https://registry.yarnpkg.com/wellknown/-/wellknown-0.5.0.tgz#09ae9871fa826cf0a6ec1537ef00c379d78d7101"
  integrity sha512-za5vTLuPF9nmrVOovYQwNEWE/PwJCM+yHMAj4xN1WWUvtq9OElsvKiPL0CR9rO8xhrYqL7NpI7IknqR8r6eYOg==
  dependencies:
    concat-stream "~1.5.0"
    minimist "~1.2.0"

wgs84@0.0.0:
  version "0.0.0"
  resolved "https://registry.yarnpkg.com/wgs84/-/wgs84-0.0.0.tgz#34fdc555917b6e57cf2a282ed043710c049cdc76"
  integrity sha512-ANHlY4Rb5kHw40D0NJ6moaVfOCMrp9Gpd1R/AIQYg2ko4/jzcJ+TVXYYF6kXJqQwITvEZP4yEthjM7U6rYlljQ==

xtend@^4.0.2:
  version "4.0.2"
  resolved "https://registry.yarnpkg.com/xtend/-/xtend-4.0.2.tgz#bb72779f5fa465186b1f438f674fa347fdb5db54"
  integrity sha512-LKYU1iAXJXUgAXn9URjiu+MWhyUXHsvfp7mcuYm9dSUKK0/CjtrUwFAxD82/mCWbtLsGjFIad0wIsod4zrTAEQ==
